
Microsoft Visual Studio Solution File, Format Version 12.00
# Visual Studio Version 16
VisualStudioVersion = 16.0.30002.166
MinimumVisualStudioVersion = 10.0.40219.1
Project("{FAE04EC0-301F-11D3-BF4B-00C04F79EFBC}") = "Bovine.Android", "Bovine\Bovine.Android\Bovine.Android.csproj", "{C0551B17-C9FC-4E27-873D-47D636E41957}"
EndProject
Project("{FAE04EC0-301F-11D3-BF4B-00C04F79EFBC}") = "Bovine.iOS", "Bovine\Bovine.iOS\Bovine.iOS.csproj", "{2FD4ACAF-B44E-43CA-BE13-C9A5F0897DB7}"
EndProject
Project("{FAE04EC0-301F-11D3-BF4B-00C04F79EFBC}") = "Bovine", "Bovine\Bovine\Bovine.csproj", "{37FBE5D2-2F34-43D5-8721-2219E4835902}"
EndProject
Global
	GlobalSection(SolutionConfigurationPlatforms) = preSolution
		Debug|Any CPU = Debug|Any CPU
		Debug|iPhone = Debug|iPhone
		Debug|iPhoneSimulator = Debug|iPhoneSimulator
		Release|Any CPU = Release|Any CPU
		Release|iPhone = Release|iPhone
		Release|iPhoneSimulator = Release|iPhoneSimulator
	EndGlobalSection
	GlobalSection(ProjectConfigurationPlatforms) = postSolution
		{C0551B17-C9FC-4E27-873D-47D636E41957}.Debug|Any CPU.ActiveCfg = Debug|Any CPU
		{C0551B17-C9FC-4E27-873D-47D636E41957}.Debug|Any CPU.Build.0 = Debug|Any CPU
		{C0551B17-C9FC-4E27-873D-47D636E41957}.Debug|Any CPU.Deploy.0 = Debug|Any CPU
		{C0551B17-C9FC-4E27-873D-47D636E41957}.Debug|iPhone.ActiveCfg = Debug|Any CPU
		{C0551B17-C9FC-4E27-873D-47D636E41957}.Debug|iPhone.Build.0 = Debug|Any CPU
		{C0551B17-C9FC-4E27-873D-47D636E41957}.Debug|iPhone.Deploy.0 = Debug|Any CPU
		{C0551B17-C9FC-4E27-873D-47D636E41957}.Debug|iPhoneSimulator.ActiveCfg = Debug|Any CPU
		{C0551B17-C9FC-4E27-873D-47D636E41957}.Debug|iPhoneSimulator.Build.0 = Debug|Any CPU
		{C0551B17-C9FC-4E27-873D-47D636E41957}.Debug|iPhoneSimulator.Deploy.0 = Debug|Any CPU
		{C0551B17-C9FC-4E27-873D-47D636E41957}.Release|Any CPU.ActiveCfg = Release|Any CPU
		{C0551B17-C9FC-4E27-873D-47D636E41957}.Release|Any CPU.Build.0 = Release|Any CPU
		{C0551B17-C9FC-4E27-873D-47D636E41957}.Release|Any CPU.Deploy.0 = Release|Any CPU
		{C0551B17-C9FC-4E27-873D-47D636E41957}.Release|iPhone.ActiveCfg = Release|Any CPU
		{C0551B17-C9FC-4E27-873D-47D636E41957}.Release|iPhone.Build.0 = Release|Any CPU
		{C0551B17-C9FC-4E27-873D-47D636E41957}.Release|iPhone.Deploy.0 = Release|Any CPU
		{C0551B17-C9FC-4E27-873D-47D636E41957}.Release|iPhoneSimulator.ActiveCfg = Release|Any CPU
		{C0551B17-C9FC-4E27-873D-47D636E41957}.Release|iPhoneSimulator.Build.0 = Release|Any CPU
		{C0551B17-C9FC-4E27-873D-47D636E41957}.Release|iPhoneSimulator.Deploy.0 = Release|Any CPU
		{2FD4ACAF-B44E-43CA-BE13-C9A5F0897DB7}.Debug|Any CPU.ActiveCfg = Debug|iPhone
		{2FD4ACAF-B44E-43CA-BE13-C9A5F0897DB7}.Debug|Any CPU.Build.0 = Debug|iPhone
		{2FD4ACAF-B44E-43CA-BE13-C9A5F0897DB7}.Debug|Any CPU.Deploy.0 = Debug|iPhone
		{2FD4ACAF-B44E-43CA-BE13-C9A5F0897DB7}.Debug|iPhone.ActiveCfg = Debug|iPhone
		{2FD4ACAF-B44E-43CA-BE13-C9A5F0897DB7}.Debug|iPhone.Build.0 = Debug|iPhone
		{2FD4ACAF-B44E-43CA-BE13-C9A5F0897DB7}.Debug|iPhone.Deploy.0 = Debug|iPhone
		{2FD4ACAF-B44E-43CA-BE13-C9A5F0897DB7}.Debug|iPhoneSimulator.ActiveCfg = Debug|iPhoneSimulator
		{2FD4ACAF-B44E-43CA-BE13-C9A5F0897DB7}.Debug|iPhoneSimulator.Build.0 = Debug|iPhoneSimulator
		{2FD4ACAF-B44E-43CA-BE13-C9A5F0897DB7}.Debug|iPhoneSimulator.Deploy.0 = Debug|iPhoneSimulator
		{2FD4ACAF-B44E-43CA-BE13-C9A5F0897DB7}.Release|Any CPU.ActiveCfg = Release|iPhone
		{2FD4ACAF-B44E-43CA-BE13-C9A5F0897DB7}.Release|Any CPU.Build.0 = Release|iPhone
		{2FD4ACAF-B44E-43CA-BE13-C9A5F0897DB7}.Release|Any CPU.Deploy.0 = Release|iPhone
		{2FD4ACAF-B44E-43CA-BE13-C9A5F0897DB7}.Release|iPhone.ActiveCfg = Release|iPhone
		{2FD4ACAF-B44E-43CA-BE13-C9A5F0897DB7}.Release|iPhone.Build.0 = Release|iPhone
		{2FD4ACAF-B44E-43CA-BE13-C9A5F0897DB7}.Release|iPhone.Deploy.0 = Release|iPhone
		{2FD4ACAF-B44E-43CA-BE13-C9A5F0897DB7}.Release|iPhoneSimulator.ActiveCfg = Release|iPhoneSimulator
		{2FD4ACAF-B44E-43CA-BE13-C9A5F0897DB7}.Release|iPhoneSimulator.Build.0 = Release|iPhoneSimulator
		{2FD4ACAF-B44E-43CA-BE13-C9A5F0897DB7}.Release|iPhoneSimulator.Deploy.0 = Release|iPhoneSimulator
		{37FBE5D2-2F34-43D5-8721-2219E4835902}.Debug|Any CPU.ActiveCfg = Debug|Any CPU
		{37FBE5D2-2F34-43D5-8721-2219E4835902}.Debug|Any CPU.Build.0 = Debug|Any CPU
		{37FBE5D2-2F34-43D5-8721-2219E4835902}.Debug|Any CPU.Deploy.0 = Debug|Any CPU
		{37FBE5D2-2F34-43D5-8721-2219E4835902}.Debug|iPhone.ActiveCfg = Debug|Any CPU
		{37FBE5D2-2F34-43D5-8721-2219E4835902}.Debug|iPhone.Build.0 = Debug|Any CPU
		{37FBE5D2-2F34-43D5-8721-2219E4835902}.Debug|iPhone.Deploy.0 = Debug|Any CPU
		{37FBE5D2-2F34-43D5-8721-2219E4835902}.Debug|iPhoneSimulator.ActiveCfg = Debug|Any CPU
		{37FBE5D2-2F34-43D5-8721-2219E4835902}.Debug|iPhoneSimulator.Build.0 = Debug|Any CPU
		{37FBE5D2-2F34-43D5-8721-2219E4835902}.Debug|iPhoneSimulator.Deploy.0 = Debug|Any CPU
		{37FBE5D2-2F34-43D5-8721-2219E4835902}.Release|Any CPU.ActiveCfg = Release|Any CPU
		{37FBE5D2-2F34-43D5-8721-2219E4835902}.Release|Any CPU.Build.0 = Release|Any CPU
		{37FBE5D2-2F34-43D5-8721-2219E4835902}.Release|Any CPU.Deploy.0 = Release|Any CPU
		{37FBE5D2-2F34-43D5-8721-2219E4835902}.Release|iPhone.ActiveCfg = Release|Any CPU
		{37FBE5D2-2F34-43D5-8721-2219E4835902}.Release|iPhone.Build.0 = Release|Any CPU
		{37FBE5D2-2F34-43D5-8721-2219E4835902}.Release|iPhone.Deploy.0 = Release|Any CPU
		{37FBE5D2-2F34-43D5-8721-2219E4835902}.Release|iPhoneSimulator.ActiveCfg = Release|Any CPU
		{37FBE5D2-2F34-43D5-8721-2219E4835902}.Release|iPhoneSimulator.Build.0 = Release|Any CPU
		{37FBE5D2-2F34-43D5-8721-2219E4835902}.Release|iPhoneSimulator.Deploy.0 = Release|Any CPU
	EndGlobalSection
	GlobalSection(SolutionProperties) = preSolution
		HideSolutionNode = FALSE
	EndGlobalSection
	GlobalSection(ExtensibilityGlobals) = postSolution
		SolutionGuid = {5D7AA438-DF2C-489C-A280-2AAC82C71C58}
	EndGlobalSection
EndGlobal
